
Microsoft Visual Studio Solution File, Format Version 12.00
# Visual Studio Version 16
VisualStudioVersion = 16.0.30320.27
MinimumVisualStudioVersion = 10.0.40219.1
Project("{9A19103F-16F7-4668-BE54-9A1E7A4F7556}") = "WslManager", "WslManager\WslManager.csproj", "{CD574ACE-EBC7-4974-BEAF-155F28E42D12}"
EndProject
Project("{FAE04EC0-301F-11D3-BF4B-00C04F79EFBC}") = "WslManager.Test", "WslManager.Test\WslManager.Test.csproj", "{AE637A54-685E-4191-9EB6-52371C011C28}"
EndProject
Project("{C7167F0D-BC9F-4E6E-AFE1-012C56B48DB5}") = "WslManager.Package", "WslManager.Package\WslManager.Package.wapproj", "{0314A8F2-AD6D-487E-8A62-97FD8AFD2C09}"
EndProject
Global
	GlobalSection(SolutionConfigurationPlatforms) = preSolution
		Debug|Any CPU = Debug|Any CPU
		Debug|ARM = Debug|ARM
		Debug|ARM64 = Debug|ARM64
		Debug|x64 = Debug|x64
		Debug|x86 = Debug|x86
		Release|Any CPU = Release|Any CPU
		Release|ARM = Release|ARM
		Release|ARM64 = Release|ARM64
		Release|x64 = Release|x64
		Release|x86 = Release|x86
	EndGlobalSection
	GlobalSection(ProjectConfigurationPlatforms) = postSolution
		{CD574ACE-EBC7-4974-BEAF-155F28E42D12}.Debug|Any CPU.ActiveCfg = Debug|Any CPU
		{CD574ACE-EBC7-4974-BEAF-155F28E42D12}.Debug|Any CPU.Build.0 = Debug|Any CPU
		{CD574ACE-EBC7-4974-BEAF-155F28E42D12}.Debug|ARM.ActiveCfg = Debug|Any CPU
		{CD574ACE-EBC7-4974-BEAF-155F28E42D12}.Debug|ARM.Build.0 = Debug|Any CPU
		{CD574ACE-EBC7-4974-BEAF-155F28E42D12}.Debug|ARM64.ActiveCfg = Debug|Any CPU
		{CD574ACE-EBC7-4974-BEAF-155F28E42D12}.Debug|ARM64.Build.0 = Debug|Any CPU
		{CD574ACE-EBC7-4974-BEAF-155F28E42D12}.Debug|x64.ActiveCfg = Debug|Any CPU
		{CD574ACE-EBC7-4974-BEAF-155F28E42D12}.Debug|x64.Build.0 = Debug|Any CPU
		{CD574ACE-EBC7-4974-BEAF-155F28E42D12}.Debug|x86.ActiveCfg = Debug|Any CPU
		{CD574ACE-EBC7-4974-BEAF-155F28E42D12}.Debug|x86.Build.0 = Debug|Any CPU
		{CD574ACE-EBC7-4974-BEAF-155F28E42D12}.Release|Any CPU.ActiveCfg = Release|Any CPU
		{CD574ACE-EBC7-4974-BEAF-155F28E42D12}.Release|Any CPU.Build.0 = Release|Any CPU
		{CD574ACE-EBC7-4974-BEAF-155F28E42D12}.Release|ARM.ActiveCfg = Release|Any CPU
		{CD574ACE-EBC7-4974-BEAF-155F28E42D12}.Release|ARM.Build.0 = Release|Any CPU
		{CD574ACE-EBC7-4974-BEAF-155F28E42D12}.Release|ARM64.ActiveCfg = Release|Any CPU
		{CD574ACE-EBC7-4974-BEAF-155F28E42D12}.Release|ARM64.Build.0 = Release|Any CPU
		{CD574ACE-EBC7-4974-BEAF-155F28E42D12}.Release|x64.ActiveCfg = Release|Any CPU
		{CD574ACE-EBC7-4974-BEAF-155F28E42D12}.Release|x64.Build.0 = Release|Any CPU
		{CD574ACE-EBC7-4974-BEAF-155F28E42D12}.Release|x86.ActiveCfg = Release|Any CPU
		{CD574ACE-EBC7-4974-BEAF-155F28E42D12}.Release|x86.Build.0 = Release|Any CPU
		{AE637A54-685E-4191-9EB6-52371C011C28}.Debug|Any CPU.ActiveCfg = Debug|Any CPU
		{AE637A54-685E-4191-9EB6-52371C011C28}.Debug|Any CPU.Build.0 = Debug|Any CPU
		{AE637A54-685E-4191-9EB6-52371C011C28}.Debug|ARM.ActiveCfg = Debug|Any CPU
		{AE637A54-685E-4191-9EB6-52371C011C28}.Debug|ARM.Build.0 = Debug|Any CPU
		{AE637A54-685E-4191-9EB6-52371C011C28}.Debug|ARM64.ActiveCfg = Debug|Any CPU
		{AE637A54-685E-4191-9EB6-52371C011C28}.Debug|ARM64.Build.0 = Debug|Any CPU
		{AE637A54-685E-4191-9EB6-52371C011C28}.Debug|x64.ActiveCfg = Debug|Any CPU
		{AE637A54-685E-4191-9EB6-52371C011C28}.Debug|x64.Build.0 = Debug|Any CPU
		{AE637A54-685E-4191-9EB6-52371C011C28}.Debug|x86.ActiveCfg = Debug|Any CPU
		{AE637A54-685E-4191-9EB6-52371C011C28}.Debug|x86.Build.0 = Debug|Any CPU
		{AE637A54-685E-4191-9EB6-52371C011C28}.Release|Any CPU.ActiveCfg = Release|Any CPU
		{AE637A54-685E-4191-9EB6-52371C011C28}.Release|Any CPU.Build.0 = Release|Any CPU
		{AE637A54-685E-4191-9EB6-52371C011C28}.Release|ARM.ActiveCfg = Release|Any CPU
		{AE637A54-685E-4191-9EB6-52371C011C28}.Release|ARM.Build.0 = Release|Any CPU
		{AE637A54-685E-4191-9EB6-52371C011C28}.Release|ARM64.ActiveCfg = Release|Any CPU
		{AE637A54-685E-4191-9EB6-52371C011C28}.Release|ARM64.Build.0 = Release|Any CPU
		{AE637A54-685E-4191-9EB6-52371C011C28}.Release|x64.ActiveCfg = Release|Any CPU
		{AE637A54-685E-4191-9EB6-52371C011C28}.Release|x64.Build.0 = Release|Any CPU
		{AE637A54-685E-4191-9EB6-52371C011C28}.Release|x86.ActiveCfg = Release|Any CPU
		{AE637A54-685E-4191-9EB6-52371C011C28}.Release|x86.Build.0 = Release|Any CPU
		{0314A8F2-AD6D-487E-8A62-97FD8AFD2C09}.Debug|Any CPU.ActiveCfg = Debug|Any CPU
		{0314A8F2-AD6D-487E-8A62-97FD8AFD2C09}.Debug|Any CPU.Build.0 = Debug|Any CPU
		{0314A8F2-AD6D-487E-8A62-97FD8AFD2C09}.Debug|Any CPU.Deploy.0 = Debug|Any CPU
		{0314A8F2-AD6D-487E-8A62-97FD8AFD2C09}.Debug|ARM.ActiveCfg = Debug|ARM
		{0314A8F2-AD6D-487E-8A62-97FD8AFD2C09}.Debug|ARM.Build.0 = Debug|ARM
		{0314A8F2-AD6D-487E-8A62-97FD8AFD2C09}.Debug|ARM.Deploy.0 = Debug|ARM
		{0314A8F2-AD6D-487E-8A62-97FD8AFD2C09}.Debug|ARM64.ActiveCfg = Debug|ARM64
		{0314A8F2-AD6D-487E-8A62-97FD8AFD2C09}.Debug|ARM64.Build.0 = Debug|ARM64
		{0314A8F2-AD6D-487E-8A62-97FD8AFD2C09}.Debug|ARM64.Deploy.0 = Debug|ARM64
		{0314A8F2-AD6D-487E-8A62-97FD8AFD2C09}.Debug|x64.ActiveCfg = Debug|x64
		{0314A8F2-AD6D-487E-8A62-97FD8AFD2C09}.Debug|x64.Build.0 = Debug|x64
		{0314A8F2-AD6D-487E-8A62-97FD8AFD2C09}.Debug|x64.Deploy.0 = Debug|x64
		{0314A8F2-AD6D-487E-8A62-97FD8AFD2C09}.Debug|x86.ActiveCfg = Debug|x86
		{0314A8F2-AD6D-487E-8A62-97FD8AFD2C09}.Debug|x86.Build.0 = Debug|x86
		{0314A8F2-AD6D-487E-8A62-97FD8AFD2C09}.Debug|x86.Deploy.0 = Debug|x86
		{0314A8F2-AD6D-487E-8A62-97FD8AFD2C09}.Release|Any CPU.ActiveCfg = Release|Any CPU
		{0314A8F2-AD6D-487E-8A62-97FD8AFD2C09}.Release|Any CPU.Build.0 = Release|Any CPU
		{0314A8F2-AD6D-487E-8A62-97FD8AFD2C09}.Release|Any CPU.Deploy.0 = Release|Any CPU
		{0314A8F2-AD6D-487E-8A62-97FD8AFD2C09}.Release|ARM.ActiveCfg = Release|ARM
		{0314A8F2-AD6D-487E-8A62-97FD8AFD2C09}.Release|ARM.Build.0 = Release|ARM
		{0314A8F2-AD6D-487E-8A62-97FD8AFD2C09}.Release|ARM.Deploy.0 = Release|ARM
		{0314A8F2-AD6D-487E-8A62-97FD8AFD2C09}.Release|ARM64.ActiveCfg = Release|ARM64
		{0314A8F2-AD6D-487E-8A62-97FD8AFD2C09}.Release|ARM64.Build.0 = Release|ARM64
		{0314A8F2-AD6D-487E-8A62-97FD8AFD2C09}.Release|ARM64.Deploy.0 = Release|ARM64
		{0314A8F2-AD6D-487E-8A62-97FD8AFD2C09}.Release|x64.ActiveCfg = Release|x64
		{0314A8F2-AD6D-487E-8A62-97FD8AFD2C09}.Release|x64.Build.0 = Release|x64
		{0314A8F2-AD6D-487E-8A62-97FD8AFD2C09}.Release|x64.Deploy.0 = Release|x64
		{0314A8F2-AD6D-487E-8A62-97FD8AFD2C09}.Release|x86.ActiveCfg = Release|x86
		{0314A8F2-AD6D-487E-8A62-97FD8AFD2C09}.Release|x86.Build.0 = Release|x86
		{0314A8F2-AD6D-487E-8A62-97FD8AFD2C09}.Release|x86.Deploy.0 = Release|x86
	EndGlobalSection
	GlobalSection(SolutionProperties) = preSolution
		HideSolutionNode = FALSE
	EndGlobalSection
	GlobalSection(ExtensibilityGlobals) = postSolution
		SolutionGuid = {BDE736A3-4270-421A-9B92-E85272D49BC1}
	EndGlobalSection
EndGlobal
